
Microsoft Visual Studio Solution File, Format Version 12.00
# Visual Studio Version 16
VisualStudioVersion = 16.0.32106.194
MinimumVisualStudioVersion = 10.0.40219.1
Project("{FAE04EC0-301F-11D3-BF4B-00C04F79EFBC}") = "Lesson_7_Test_1", "Lesson_7_Test_1\Lesson_7_Test_1.csproj", "{1AAA15D9-F926-45EF-829D-A1EBC2A67B37}"
EndProject
Global
	GlobalSection(SolutionConfigurationPlatforms) = preSolution
		Debug|Any CPU = Debug|Any CPU
		Release|Any CPU = Release|Any CPU
	EndGlobalSection
	GlobalSection(ProjectConfigurationPlatforms) = postSolution
		{1AAA15D9-F926-45EF-829D-A1EBC2A67B37}.Debug|Any CPU.ActiveCfg = Debug|Any CPU
		{1AAA15D9-F926-45EF-829D-A1EBC2A67B37}.Debug|Any CPU.Build.0 = Debug|Any CPU
		{1AAA15D9-F926-45EF-829D-A1EBC2A67B37}.Release|Any CPU.ActiveCfg = Release|Any CPU
		{1AAA15D9-F926-45EF-829D-A1EBC2A67B37}.Release|Any CPU.Build.0 = Release|Any CPU
	EndGlobalSection
	GlobalSection(SolutionProperties) = preSolution
		HideSolutionNode = FALSE
	EndGlobalSection
	GlobalSection(ExtensibilityGlobals) = postSolution
		SolutionGuid = {7EF9FE1D-D098-49FD-A4E9-3B8160F0F75E}
	EndGlobalSection
EndGlobal
